
Microsoft Visual Studio Solution File, Format Version 12.00
# Visual Studio 15
VisualStudioVersion = 15.0.28307.1062
MinimumVisualStudioVersion = 10.0.40219.1
Project("{8BC9CEB8-8B4A-11D0-8D11-00A0C91BC942}") = "dll", "vs\dll\dll.vcxproj", "{71314987-A8AD-4A66-A376-1DCD3A636CF2}"
EndProject
Project("{8BC9CEB8-8B4A-11D0-8D11-00A0C91BC942}") = "lib", "vs\lib\lib.vcxproj", "{14B9471C-58C7-4962-B4C8-FD0515F839E1}"
EndProject
Project("{8BC9CEB8-8B4A-11D0-8D11-00A0C91BC942}") = "hux", "vs\hux\hux.vcxproj", "{56B2353E-F551-4029-A36F-0BF7967B0D7A}"
	ProjectSection(ProjectDependencies) = postProject
		{71314987-A8AD-4A66-A376-1DCD3A636CF2} = {71314987-A8AD-4A66-A376-1DCD3A636CF2}
	EndProjectSection
EndProject
Project("{8BC9CEB8-8B4A-11D0-8D11-00A0C91BC942}") = "test", "vs\test\test.vcxproj", "{C200BB27-E4CB-4EBA-B108-35B89D257445}"
	ProjectSection(ProjectDependencies) = postProject
		{14B9471C-58C7-4962-B4C8-FD0515F839E1} = {14B9471C-58C7-4962-B4C8-FD0515F839E1}
	EndProjectSection
EndProject
Global
	GlobalSection(SolutionConfigurationPlatforms) = preSolution
		Debug|x64 = Debug|x64
		Debug|x86 = Debug|x86
		Release|x64 = Release|x64
		Release|x86 = Release|x86
	EndGlobalSection
	GlobalSection(ProjectConfigurationPlatforms) = postSolution
		{71314987-A8AD-4A66-A376-1DCD3A636CF2}.Debug|x64.ActiveCfg = Debug|x64
		{71314987-A8AD-4A66-A376-1DCD3A636CF2}.Debug|x64.Build.0 = Debug|x64
		{71314987-A8AD-4A66-A376-1DCD3A636CF2}.Debug|x86.ActiveCfg = Debug|Win32
		{71314987-A8AD-4A66-A376-1DCD3A636CF2}.Debug|x86.Build.0 = Debug|Win32
		{71314987-A8AD-4A66-A376-1DCD3A636CF2}.Release|x64.ActiveCfg = Release|x64
		{71314987-A8AD-4A66-A376-1DCD3A636CF2}.Release|x64.Build.0 = Release|x64
		{71314987-A8AD-4A66-A376-1DCD3A636CF2}.Release|x86.ActiveCfg = Release|Win32
		{71314987-A8AD-4A66-A376-1DCD3A636CF2}.Release|x86.Build.0 = Release|Win32
		{14B9471C-58C7-4962-B4C8-FD0515F839E1}.Debug|x64.ActiveCfg = Debug|x64
		{14B9471C-58C7-4962-B4C8-FD0515F839E1}.Debug|x64.Build.0 = Debug|x64
		{14B9471C-58C7-4962-B4C8-FD0515F839E1}.Debug|x86.ActiveCfg = Debug|Win32
		{14B9471C-58C7-4962-B4C8-FD0515F839E1}.Debug|x86.Build.0 = Debug|Win32
		{14B9471C-58C7-4962-B4C8-FD0515F839E1}.Release|x64.ActiveCfg = Release|x64
		{14B9471C-58C7-4962-B4C8-FD0515F839E1}.Release|x64.Build.0 = Release|x64
		{14B9471C-58C7-4962-B4C8-FD0515F839E1}.Release|x86.ActiveCfg = Release|Win32
		{14B9471C-58C7-4962-B4C8-FD0515F839E1}.Release|x86.Build.0 = Release|Win32
		{56B2353E-F551-4029-A36F-0BF7967B0D7A}.Debug|x64.ActiveCfg = Debug|x64
		{56B2353E-F551-4029-A36F-0BF7967B0D7A}.Debug|x64.Build.0 = Debug|x64
		{56B2353E-F551-4029-A36F-0BF7967B0D7A}.Debug|x86.ActiveCfg = Debug|Win32
		{56B2353E-F551-4029-A36F-0BF7967B0D7A}.Debug|x86.Build.0 = Debug|Win32
		{56B2353E-F551-4029-A36F-0BF7967B0D7A}.Release|x64.ActiveCfg = Release|x64
		{56B2353E-F551-4029-A36F-0BF7967B0D7A}.Release|x64.Build.0 = Release|x64
		{56B2353E-F551-4029-A36F-0BF7967B0D7A}.Release|x86.ActiveCfg = Release|Win32
		{56B2353E-F551-4029-A36F-0BF7967B0D7A}.Release|x86.Build.0 = Release|Win32
		{C200BB27-E4CB-4EBA-B108-35B89D257445}.Debug|x64.ActiveCfg = Debug|x64
		{C200BB27-E4CB-4EBA-B108-35B89D257445}.Debug|x64.Build.0 = Debug|x64
		{C200BB27-E4CB-4EBA-B108-35B89D257445}.Debug|x86.ActiveCfg = Debug|Win32
		{C200BB27-E4CB-4EBA-B108-35B89D257445}.Debug|x86.Build.0 = Debug|Win32
		{C200BB27-E4CB-4EBA-B108-35B89D257445}.Release|x64.ActiveCfg = Release|x64
		{C200BB27-E4CB-4EBA-B108-35B89D257445}.Release|x64.Build.0 = Release|x64
		{C200BB27-E4CB-4EBA-B108-35B89D257445}.Release|x86.ActiveCfg = Release|Win32
		{C200BB27-E4CB-4EBA-B108-35B89D257445}.Release|x86.Build.0 = Release|Win32
	EndGlobalSection
	GlobalSection(SolutionProperties) = preSolution
		HideSolutionNode = FALSE
	EndGlobalSection
	GlobalSection(ExtensibilityGlobals) = postSolution
		SolutionGuid = {12548D79-2010-466F-8825-074DE18B5477}
	EndGlobalSection
EndGlobal
